
Microsoft Visual Studio Solution File, Format Version 12.00
# Visual Studio Version 17
VisualStudioVersion = 17.5.002.0
MinimumVisualStudioVersion = 10.0.40219.1
Project("{9A19103F-16F7-4668-BE54-9A1E7A4F7556}") = "practice", "practice.csproj", "{3ACB4CAE-4750-480D-A987-A47BE7AEC043}"
EndProject
Global
	GlobalSection(SolutionConfigurationPlatforms) = preSolution
		Debug|Any CPU = Debug|Any CPU
		Release|Any CPU = Release|Any CPU
	EndGlobalSection
	GlobalSection(ProjectConfigurationPlatforms) = postSolution
		{3ACB4CAE-4750-480D-A987-A47BE7AEC043}.Debug|Any CPU.ActiveCfg = Debug|Any CPU
		{3ACB4CAE-4750-480D-A987-A47BE7AEC043}.Debug|Any CPU.Build.0 = Debug|Any CPU
		{3ACB4CAE-4750-480D-A987-A47BE7AEC043}.Release|Any CPU.ActiveCfg = Release|Any CPU
		{3ACB4CAE-4750-480D-A987-A47BE7AEC043}.Release|Any CPU.Build.0 = Release|Any CPU
	EndGlobalSection
	GlobalSection(SolutionProperties) = preSolution
		HideSolutionNode = FALSE
	EndGlobalSection
	GlobalSection(ExtensibilityGlobals) = postSolution
		SolutionGuid = {DD94F0EB-77E6-4438-9C9F-AF750B8C64E2}
	EndGlobalSection
EndGlobal
