
Microsoft Visual Studio Solution File, Format Version 12.00
# Visual Studio Version 17
VisualStudioVersion = 17.5.002.0
MinimumVisualStudioVersion = 10.0.40219.1
Project("{9A19103F-16F7-4668-BE54-9A1E7A4F7556}") = "Real-Estate", "Real-Estate.csproj", "{57E18F86-E828-4769-A4E0-91661A34E809}"
EndProject
Global
	GlobalSection(SolutionConfigurationPlatforms) = preSolution
		Debug|Any CPU = Debug|Any CPU
		Release|Any CPU = Release|Any CPU
	EndGlobalSection
	GlobalSection(ProjectConfigurationPlatforms) = postSolution
		{57E18F86-E828-4769-A4E0-91661A34E809}.Debug|Any CPU.ActiveCfg = Debug|Any CPU
		{57E18F86-E828-4769-A4E0-91661A34E809}.Debug|Any CPU.Build.0 = Debug|Any CPU
		{57E18F86-E828-4769-A4E0-91661A34E809}.Release|Any CPU.ActiveCfg = Release|Any CPU
		{57E18F86-E828-4769-A4E0-91661A34E809}.Release|Any CPU.Build.0 = Release|Any CPU
	EndGlobalSection
	GlobalSection(SolutionProperties) = preSolution
		HideSolutionNode = FALSE
	EndGlobalSection
	GlobalSection(ExtensibilityGlobals) = postSolution
		SolutionGuid = {1AB79940-0B96-4CDC-8CF5-B9AB894C64FD}
	EndGlobalSection
EndGlobal
