
Microsoft Visual Studio Solution File, Format Version 12.00
# Visual Studio Version 17
VisualStudioVersion = 17.5.002.0
MinimumVisualStudioVersion = 10.0.40219.1
Project("{9A19103F-16F7-4668-BE54-9A1E7A4F7556}") = "error-handling", "error-handling.csproj", "{CC6D312B-108C-4E87-9B6D-C9748EB89176}"
EndProject
Global
	GlobalSection(SolutionConfigurationPlatforms) = preSolution
		Debug|Any CPU = Debug|Any CPU
		Release|Any CPU = Release|Any CPU
	EndGlobalSection
	GlobalSection(ProjectConfigurationPlatforms) = postSolution
		{CC6D312B-108C-4E87-9B6D-C9748EB89176}.Debug|Any CPU.ActiveCfg = Debug|Any CPU
		{CC6D312B-108C-4E87-9B6D-C9748EB89176}.Debug|Any CPU.Build.0 = Debug|Any CPU
		{CC6D312B-108C-4E87-9B6D-C9748EB89176}.Release|Any CPU.ActiveCfg = Release|Any CPU
		{CC6D312B-108C-4E87-9B6D-C9748EB89176}.Release|Any CPU.Build.0 = Release|Any CPU
	EndGlobalSection
	GlobalSection(SolutionProperties) = preSolution
		HideSolutionNode = FALSE
	EndGlobalSection
	GlobalSection(ExtensibilityGlobals) = postSolution
		SolutionGuid = {E34764AB-C27A-492F-B01E-A60207EB4227}
	EndGlobalSection
EndGlobal
