
Microsoft Visual Studio Solution File, Format Version 12.00
# Visual Studio Version 17
VisualStudioVersion = 17.5.002.0
MinimumVisualStudioVersion = 10.0.40219.1
Project("{9A19103F-16F7-4668-BE54-9A1E7A4F7556}") = "shapes", "shapes.csproj", "{62A737BC-502B-48CC-BF98-816297CF7AE3}"
EndProject
Global
	GlobalSection(SolutionConfigurationPlatforms) = preSolution
		Debug|Any CPU = Debug|Any CPU
		Release|Any CPU = Release|Any CPU
	EndGlobalSection
	GlobalSection(ProjectConfigurationPlatforms) = postSolution
		{62A737BC-502B-48CC-BF98-816297CF7AE3}.Debug|Any CPU.ActiveCfg = Debug|Any CPU
		{62A737BC-502B-48CC-BF98-816297CF7AE3}.Debug|Any CPU.Build.0 = Debug|Any CPU
		{62A737BC-502B-48CC-BF98-816297CF7AE3}.Release|Any CPU.ActiveCfg = Release|Any CPU
		{62A737BC-502B-48CC-BF98-816297CF7AE3}.Release|Any CPU.Build.0 = Release|Any CPU
	EndGlobalSection
	GlobalSection(SolutionProperties) = preSolution
		HideSolutionNode = FALSE
	EndGlobalSection
	GlobalSection(ExtensibilityGlobals) = postSolution
		SolutionGuid = {14D75AC3-8D72-4A6E-9DF6-3ADA7FCB5B52}
	EndGlobalSection
EndGlobal
